dependencies:
- name: postgresql
  repository: https://kubernetes-charts.storage.googleapis.com
  version: 3.0.0
- name: redis
  repository: https://kubernetes-charts.storage.googleapis.com
  version: 5.0.0
- name: memcached
  repository: https://kubernetes-charts.storage.googleapis.com
  version: 2.5.0
- name: docker-registry
  repository: https://kubernetes-charts.storage.googleapis.com
  version: 1.6.3
- name: minio
  repository: https://kubernetes-charts.storage.googleapis.com
  version: 2.4.2
digest: sha256:e39cc038fd802da176c696d812ade55e9bf611512e6ff3f48d6b2ea32933d454
generated: 2019-02-07T16:27:36.491199+01:00
