dependencies:
- name: postgresql
  repository: https://kubernetes-charts.storage.googleapis.com
  version: 3.0.0
- name: redis
  repository: https://kubernetes-charts.storage.googleapis.com
  version: 5.0.0
- name: memcached
  repository: https://kubernetes-charts.storage.googleapis.com
  version: 2.5.0
- name: docker-registry
  repository: https://kubernetes-charts.storage.googleapis.com
  version: 1.6.3
digest: sha256:96d564fd180e76cef415b49787306979f92e4533a524eb8993415f88817d4b5f
generated: 2019-02-18T17:00:37.158085+01:00
